
Microsoft Visual Studio Solution File, Format Version 12.00
# Visual Studio Version 16
VisualStudioVersion = 16.0.29709.97
MinimumVisualStudioVersion = 10.0.40219.1
Project("{FAE04EC0-301F-11D3-BF4B-00C04F79EFBC}") = "pillont.LoggerInterceptors", "pillont.LoggerInterceptor\pillont.LoggerInterceptors.csproj", "{8968C653-4680-4A41-8665-FCDE6D272979}"
EndProject
Project("{FAE04EC0-301F-11D3-BF4B-00C04F79EFBC}") = "pillont.LoggerInterceptors.UnitTest", "pillont.LoggerInterceptor.UnitTest\pillont.LoggerInterceptors.UnitTest.csproj", "{44302C4C-4169-424C-A183-F37010A338E2}"
EndProject
Project("{2150E333-8FDC-42A3-9474-1A3956D46DE8}") = "Solution Items", "Solution Items", "{63051834-8E8D-41E2-A139-1D13DA0BC8EF}"
	ProjectSection(SolutionItems) = preProject
		TODO.txt = TODO.txt
	EndProjectSection
EndProject
Global
	GlobalSection(SolutionConfigurationPlatforms) = preSolution
		Debug|Any CPU = Debug|Any CPU
		Release|Any CPU = Release|Any CPU
	EndGlobalSection
	GlobalSection(ProjectConfigurationPlatforms) = postSolution
		{8968C653-4680-4A41-8665-FCDE6D272979}.Debug|Any CPU.ActiveCfg = Debug|Any CPU
		{8968C653-4680-4A41-8665-FCDE6D272979}.Debug|Any CPU.Build.0 = Debug|Any CPU
		{8968C653-4680-4A41-8665-FCDE6D272979}.Release|Any CPU.ActiveCfg = Release|Any CPU
		{8968C653-4680-4A41-8665-FCDE6D272979}.Release|Any CPU.Build.0 = Release|Any CPU
		{44302C4C-4169-424C-A183-F37010A338E2}.Debug|Any CPU.ActiveCfg = Debug|Any CPU
		{44302C4C-4169-424C-A183-F37010A338E2}.Debug|Any CPU.Build.0 = Debug|Any CPU
		{44302C4C-4169-424C-A183-F37010A338E2}.Release|Any CPU.ActiveCfg = Release|Any CPU
		{44302C4C-4169-424C-A183-F37010A338E2}.Release|Any CPU.Build.0 = Release|Any CPU
	EndGlobalSection
	GlobalSection(SolutionProperties) = preSolution
		HideSolutionNode = FALSE
	EndGlobalSection
	GlobalSection(ExtensibilityGlobals) = postSolution
		SolutionGuid = {CC59DF68-01C0-4E63-8D23-6ABBFF80BDD1}
	EndGlobalSection
EndGlobal
